{
  "lockfileVersion": 1,
  "configVersion": 1,
  "workspaces": {
    "": {
      "name": "@rawtoh/module-sdk",
      "devDependencies": {
        "@hono/session": "^0.2.0",
        "@types/bun": "^1.2.0",
        "@types/ws": "^8.18.1",
        "hono": "^4.7.0",
        "json-rpc-2.0": "^1.7.1",
        "openid-client": "^6.8.2",
        "prettier": "^3.8.1",
        "typescript": "^5.9.2",
        "ws": "^8.19.0",
      },
      "peerDependencies": {
        "@hono/session": ">=0.2.0",
        "hono": ">=4.7.0",
        "json-rpc-2.0": ">=1.7.0",
        "openid-client": ">=6.0.0",
        "ws": ">=8.0.0",
      },
      "optionalPeers": [
        "@hono/session",
        "hono",
        "openid-client",
      ],
    },
  },
  "packages": {
    "@hono/session": ["@hono/session@0.2.1", "", { "dependencies": { "jose": "^6.0.11" }, "peerDependencies": { "hono": ">=4.0.0" } }, "sha512-9bEkT8DnQDM0KNOrSokXMvx4wp1uLmopu0BCLrHjw5DMWPAEDcONuqyn/1dqosQktcNYA3HwUHGK8WT86JtnYA=="],

    "@types/bun": ["@types/bun@1.4.2", "", { "dependencies": { "bun-types": "1.4.2" } }, "sha512-GimotNn7+ZV0uVArItBbriZsR1oNf0+WTzPkdcFrzShI7k2norL0uzEaJT8T33dWr7O/c9ZDuAFQrctKCi72oQ=="],

    "@types/node": ["@types/node@26.5.0", "", { "dependencies": { "undici-types": "~8.9.0" } }, "sha512-dVSGpriSoCgz8WnDNTuSSuSv1PC/ALXihO4ulRZt7Md8k9mlbdin3lGOcDE8SnWOgf513ByWlXd7BK4azmyg/A=="],

    "@types/ws": ["@types/ws@8.18.1", "", { "dependencies": { "@types/node": "*" } }, "sha512-ThVF6DCVhA8kUGy+aazFQ4kXQ7E1Ty7A3ypFOe0IcJV8O/M511G99AW24irKrW56Wt44yG9+ij8FaqoBGkuBXg=="],

    "bun-types": ["bun-types@1.4.2", "", { "dependencies": { "@types/node": "*" } }, "sha512-bxV1FgK7yBIzjRe5zBozIM4Bem11ZJcCXSrjWRG3YWLt8yFDePu4cLjpebO8OvPeIE9trbyPF4fuj3Cia4Fj3w=="],

    "hono": ["hono@4.13.7", "", {}, "sha512-c8/gF9ac8Y78/agExVocyLevgR+JlpNB444Py0FSX8pJoPdYUfUzRcXtYEYGwt6l19qIlVZPN5Mfsw9jFShmQQ=="],

    "jose": ["jose@6.2.12", "", {}, "sha512-9NiFmJEex0sy2Dk58j2UGBSHgUs2ypF9eZSu4L6vjOX3Dp96Sw1F3uL+H+D1sx02jZZdzUT0HgvCy59CuvXcWw=="],

    "json-rpc-2.0": ["json-rpc-2.0@1.8.0", "", {}, "sha512-4nw+XlJbk5XokA7BtqHGu+0PEiUPfAkRzXXd1Cgjy1c3F2UI/3Gy7yr76wyJEv3X1F1SRGGF8xPAPPhelBiGmA=="],

    "oauth4webapi": ["oauth4webapi@3.8.8", "", {}, "sha512-8N28E+a/oxfXWBgOMt+ZP/JUf/XR+IFbvkAEPP3gznXOMv9BpAAwiIj0TFNz3tGTPc0ZQ8zmWBNgN1nAys0gng=="],

    "openid-client": ["openid-client@6.8.8", "", { "dependencies": { "jose": "^6.2.12", "oauth4webapi": "^3.8.8" } }, "sha512-ZsucJA5Ad04Uv7YN4ql+s4GXNmb9uAYQwyJTsJx7CH/MX3JZioLE2pVKi1SC+YrbSLA4Px3Gi30dMjgOZtb6pA=="],

    "prettier": ["prettier@3.9.6", "", { "bin": { "prettier": "bin/prettier.cjs" } }, "sha512-OpN0zzVdiaiAhxpuuj5efpIS4sY9j7bY6uR5mnj5yPzGkdkjNKSJeUThPb60Jw29QuAZgA4o+/iB49kFiaBX6g=="],

    "typescript": ["typescript@5.9.3", "", { "bin": { "tsc": "bin/tsc", "tsserver": "bin/tsserver" } }, "sha512-jl1vZzPDinLr9eUt3J/t7V6FgNEw9QjvBPdysz9KfQDD41fQrC2Y4vKQdiaUpFT4bXlb1RHhLpp8wtm6M5TgSw=="],

    "undici-types": ["undici-types@8.9.0", "", {}, "sha512-KTDyRTYX8sWmKXAikPHHSyc63CRPETMctyjKFupcC6OBLXT3xsN0e9aF7m+mIXutFWpUXuedtowG7iLOzp0kQg=="],

    "ws": ["ws@8.21.3", "", { "peerDependencies": { "bufferutil": "^4.0.1", "utf-8-validate": ">=5.0.2" }, "optionalPeers": ["bufferutil", "utf-8-validate"] }, "sha512-201TZ/kPWxoPr/OKWjquZR1SWKXcvxdH+e1xrx89b3YbmzLMFCLfnaG1HFIgWzJOEWZ7MvpK++odZufgYR50Rw=="],
  }
}
